
Microsoft Visual Studio Solution File, Format Version 12.00
# Visual Studio Version 17
VisualStudioVersion = 17.8.34316.72
MinimumVisualStudioVersion = 10.0.40219.1
Project("{9A19103F-16F7-4668-BE54-9A1E7A4F7556}") = "ParicPresentation", "paric solution\ParicPresentation.csproj", "{FFDB17FD-288F-4F26-B814-C0F8D7271F5F}"
EndProject
Project("{9A19103F-16F7-4668-BE54-9A1E7A4F7556}") = "ParicDomain", "ParicDomain\ParicDomain.csproj", "{D4C53A1B-8A47-433C-978A-232D6CDC3D25}"
EndProject
Project("{9A19103F-16F7-4668-BE54-9A1E7A4F7556}") = "ParicInfrastructure", "ParicInfrastructure\ParicInfrastructure.csproj", "{F898E05F-6B07-4ACE-9A3B-B2DA15195536}"
EndProject
Project("{9A19103F-16F7-4668-BE54-9A1E7A4F7556}") = "ParicApplication", "ParicApplication\ParicApplication.csproj", "{C53B1BB3-32B7-4A49-8831-4C383C60C3FE}"
EndProject
Project("{FAE04EC0-301F-11D3-BF4B-00C04F79EFBC}") = "ParicStaffManagement", "paricStaffManagement\ParicStaffManagement.csproj", "{01A6EC30-322C-44D1-9ECA-ED73664A14F7}"
EndProject
Global
	GlobalSection(SolutionConfigurationPlatforms) = preSolution
		Debug|Any CPU = Debug|Any CPU
		Release|Any CPU = Release|Any CPU
	EndGlobalSection
	GlobalSection(ProjectConfigurationPlatforms) = postSolution
		{FFDB17FD-288F-4F26-B814-C0F8D7271F5F}.Debug|Any CPU.ActiveCfg = Debug|Any CPU
		{FFDB17FD-288F-4F26-B814-C0F8D7271F5F}.Debug|Any CPU.Build.0 = Debug|Any CPU
		{FFDB17FD-288F-4F26-B814-C0F8D7271F5F}.Release|Any CPU.ActiveCfg = Release|Any CPU
		{FFDB17FD-288F-4F26-B814-C0F8D7271F5F}.Release|Any CPU.Build.0 = Release|Any CPU
		{D4C53A1B-8A47-433C-978A-232D6CDC3D25}.Debug|Any CPU.ActiveCfg = Debug|Any CPU
		{D4C53A1B-8A47-433C-978A-232D6CDC3D25}.Debug|Any CPU.Build.0 = Debug|Any CPU
		{D4C53A1B-8A47-433C-978A-232D6CDC3D25}.Release|Any CPU.ActiveCfg = Release|Any CPU
		{D4C53A1B-8A47-433C-978A-232D6CDC3D25}.Release|Any CPU.Build.0 = Release|Any CPU
		{F898E05F-6B07-4ACE-9A3B-B2DA15195536}.Debug|Any CPU.ActiveCfg = Debug|Any CPU
		{F898E05F-6B07-4ACE-9A3B-B2DA15195536}.Debug|Any CPU.Build.0 = Debug|Any CPU
		{F898E05F-6B07-4ACE-9A3B-B2DA15195536}.Release|Any CPU.ActiveCfg = Release|Any CPU
		{F898E05F-6B07-4ACE-9A3B-B2DA15195536}.Release|Any CPU.Build.0 = Release|Any CPU
		{C53B1BB3-32B7-4A49-8831-4C383C60C3FE}.Debug|Any CPU.ActiveCfg = Debug|Any CPU
		{C53B1BB3-32B7-4A49-8831-4C383C60C3FE}.Debug|Any CPU.Build.0 = Debug|Any CPU
		{C53B1BB3-32B7-4A49-8831-4C383C60C3FE}.Release|Any CPU.ActiveCfg = Release|Any CPU
		{C53B1BB3-32B7-4A49-8831-4C383C60C3FE}.Release|Any CPU.Build.0 = Release|Any CPU
		{01A6EC30-322C-44D1-9ECA-ED73664A14F7}.Debug|Any CPU.ActiveCfg = Debug|Any CPU
		{01A6EC30-322C-44D1-9ECA-ED73664A14F7}.Debug|Any CPU.Build.0 = Debug|Any CPU
		{01A6EC30-322C-44D1-9ECA-ED73664A14F7}.Release|Any CPU.ActiveCfg = Release|Any CPU
		{01A6EC30-322C-44D1-9ECA-ED73664A14F7}.Release|Any CPU.Build.0 = Release|Any CPU
	EndGlobalSection
	GlobalSection(SolutionProperties) = preSolution
		HideSolutionNode = FALSE
	EndGlobalSection
	GlobalSection(ExtensibilityGlobals) = postSolution
		SolutionGuid = {BE04B2CE-28E0-4710-AFD1-34FC1681033D}
	EndGlobalSection
EndGlobal
